# This file is generated by running "yarn install" inside your project.
# Manual changes might be lost - proceed with caution!

__metadata:
  version: 8
  cacheKey: 10c0

"@esbuild/aix-ppc64@npm:0.19.11":
  version: 0.19.11
  resolution: "@esbuild/aix-ppc64@npm:0.19.11"
  conditions: os=aix & cpu=ppc64
  languageName: node
  linkType: hard

"@esbuild/android-arm64@npm:0.19.11":
  version: 0.19.11
  resolution: "@esbuild/android-arm64@npm:0.19.11"
  conditions: os=android & cpu=arm64
  languageName: node
  linkType: hard

"@esbuild/android-arm@npm:0.19.11":
  version: 0.19.11
  resolution: "@esbuild/android-arm@npm:0.19.11"
  conditions: os=android & cpu=arm
  languageName: node
  linkType: hard

"@esbuild/android-x64@npm:0.19.11":
  version: 0.19.11
  resolution: "@esbuild/android-x64@npm:0.19.11"
  conditions: os=android & cpu=x64
  languageName: node
  linkType: hard

"@esbuild/darwin-arm64@npm:0.19.11":
  version: 0.19.11
  resolution: "@esbuild/darwin-arm64@npm:0.19.11"
  conditions: os=darwin & cpu=arm64
  languageName: node
  linkType: hard

"@esbuild/darwin-x64@npm:0.19.11":
  version: 0.19.11
  resolution: "@esbuild/darwin-x64@npm:0.19.11"
  conditions: os=darwin & cpu=x64
  languageName: node
  linkType: hard

"@esbuild/freebsd-arm64@npm:0.19.11":
  version: 0.19.11
  resolution: "@esbuild/freebsd-arm64@npm:0.19.11"
  conditions: os=freebsd & cpu=arm64
  languageName: node
  linkType: hard

"@esbuild/freebsd-x64@npm:0.19.11":
  version: 0.19.11
  resolution: "@esbuild/freebsd-x64@npm:0.19.11"
  conditions: os=freebsd & cpu=x64
  languageName: node
  linkType: hard

"@esbuild/linux-arm64@npm:0.19.11":
  version: 0.19.11
  resolution: "@esbuild/linux-arm64@npm:0.19.11"
  conditions: os=linux & cpu=arm64
  languageName: node
  linkType: hard

"@esbuild/linux-arm@npm:0.19.11":
  version: 0.19.11
  resolution: "@esbuild/linux-arm@npm:0.19.11"
  conditions: os=linux & cpu=arm
  languageName: node
  linkType: hard

"@esbuild/linux-ia32@npm:0.19.11":
  version: 0.19.11
  resolution: "@esbuild/linux-ia32@npm:0.19.11"
  conditions: os=linux & cpu=ia32
  languageName: node
  linkType: hard

"@esbuild/linux-loong64@npm:0.19.11":
  version: 0.19.11
  resolution: "@esbuild/linux-loong64@npm:0.19.11"
  conditions: os=linux & cpu=loong64
  languageName: node
  linkType: hard

"@esbuild/linux-mips64el@npm:0.19.11":
  version: 0.19.11
  resolution: "@esbuild/linux-mips64el@npm:0.19.11"
  conditions: os=linux & cpu=mips64el
  languageName: node
  linkType: hard

"@esbuild/linux-ppc64@npm:0.19.11":
  version: 0.19.11
  resolution: "@esbuild/linux-ppc64@npm:0.19.11"
  conditions: os=linux & cpu=ppc64
  languageName: node
  linkType: hard

"@esbuild/linux-riscv64@npm:0.19.11":
  version: 0.19.11
  resolution: "@esbuild/linux-riscv64@npm:0.19.11"
  conditions: os=linux & cpu=riscv64
  languageName: node
  linkType: hard

"@esbuild/linux-s390x@npm:0.19.11":
  version: 0.19.11
  resolution: "@esbuild/linux-s390x@npm:0.19.11"
  conditions: os=linux & cpu=s390x
  languageName: node
  linkType: hard

"@esbuild/linux-x64@npm:0.19.11":
  version: 0.19.11
  resolution: "@esbuild/linux-x64@npm:0.19.11"
  conditions: os=linux & cpu=x64
  languageName: node
  linkType: hard

"@esbuild/netbsd-x64@npm:0.19.11":
  version: 0.19.11
  resolution: "@esbuild/netbsd-x64@npm:0.19.11"
  conditions: os=netbsd & cpu=x64
  languageName: node
  linkType: hard

"@esbuild/openbsd-x64@npm:0.19.11":
  version: 0.19.11
  resolution: "@esbuild/openbsd-x64@npm:0.19.11"
  conditions: os=openbsd & cpu=x64
  languageName: node
  linkType: hard

"@esbuild/sunos-x64@npm:0.19.11":
  version: 0.19.11
  resolution: "@esbuild/sunos-x64@npm:0.19.11"
  conditions: os=sunos & cpu=x64
  languageName: node
  linkType: hard

"@esbuild/win32-arm64@npm:0.19.11":
  version: 0.19.11
  resolution: "@esbuild/win32-arm64@npm:0.19.11"
  conditions: os=win32 & cpu=arm64
  languageName: node
  linkType: hard

"@esbuild/win32-ia32@npm:0.19.11":
  version: 0.19.11
  resolution: "@esbuild/win32-ia32@npm:0.19.11"
  conditions: os=win32 & cpu=ia32
  languageName: node
  linkType: hard

"@esbuild/win32-x64@npm:0.19.11":
  version: 0.19.11
  resolution: "@esbuild/win32-x64@npm:0.19.11"
  conditions: os=win32 & cpu=x64
  languageName: node
  linkType: hard

"@ocsigen/ts2ocaml@npm:1.4.6":
  version: 1.4.6
  resolution: "@ocsigen/ts2ocaml@npm:1.4.6"
  dependencies:
    browser-or-node: "npm:^2.0.0"
    typescript: "npm:4.6.4"
    yargs: "npm:17.7.1"
  bin:
    ts2ocaml: dist/ts2ocaml.js
  checksum: 6ecff01f0bec53f656517fe54ff50f4b903224846a743e8034c684af7ce1400e0c14bbc0b9e8aa399c6a2941c496f1d95504f1e8435c7d46c74dfbde893b189d
  languageName: node
  linkType: hard

"ansi-regex@npm:^5.0.1":
  version: 5.0.1
  resolution: "ansi-regex@npm:5.0.1"
  checksum: 9a64bb8627b434ba9327b60c027742e5d17ac69277960d041898596271d992d4d52ba7267a63ca10232e29f6107fc8a835f6ce8d719b88c5f8493f8254813737
  languageName: node
  linkType: hard

"ansi-styles@npm:^4.0.0":
  version: 4.3.0
  resolution: "ansi-styles@npm:4.3.0"
  dependencies:
    color-convert: "npm:^2.0.1"
  checksum: 895a23929da416f2bd3de7e9cb4eabd340949328ab85ddd6e484a637d8f6820d485f53933446f5291c3b760cbc488beb8e88573dd0f9c7daf83dccc8fe81b041
  languageName: node
  linkType: hard

"browser-or-node@npm:^2.0.0":
  version: 2.1.1
  resolution: "browser-or-node@npm:2.1.1"
  checksum: f727639581182f831b5bf4686b401dcad5cc29b5a6b70059c0aa90990844b8f15f3a1d328cc8e83dd3b4bfa69175f9bdf2f4383faec14d47205bfea532b9964d
  languageName: node
  linkType: hard

"cliui@npm:^8.0.1":
  version: 8.0.1
  resolution: "cliui@npm:8.0.1"
  dependencies:
    string-width: "npm:^4.2.0"
    strip-ansi: "npm:^6.0.1"
    wrap-ansi: "npm:^7.0.0"
  checksum: 4bda0f09c340cbb6dfdc1ed508b3ca080f12992c18d68c6be4d9cf51756033d5266e61ec57529e610dacbf4da1c634423b0c1b11037709cc6b09045cbd815df5
  languageName: node
  linkType: hard

"color-convert@npm:^2.0.1":
  version: 2.0.1
  resolution: "color-convert@npm:2.0.1"
  dependencies:
    color-name: "npm:~1.1.4"
  checksum: 37e1150172f2e311fe1b2df62c6293a342ee7380da7b9cfdba67ea539909afbd74da27033208d01d6d5cfc65ee7868a22e18d7e7648e004425441c0f8a15a7d7
  languageName: node
  linkType: hard

"color-name@npm:~1.1.4":
  version: 1.1.4
  resolution: "color-name@npm:1.1.4"
  checksum: a1a3f914156960902f46f7f56bc62effc6c94e84b2cae157a526b1c1f74b677a47ec602bf68a61abfa2b42d15b7c5651c6dbe72a43af720bc588dff885b10f95
  languageName: node
  linkType: hard

"emoji-regex@npm:^8.0.0":
  version: 8.0.0
  resolution: "emoji-regex@npm:8.0.0"
  checksum: b6053ad39951c4cf338f9092d7bfba448cdfd46fe6a2a034700b149ac9ffbc137e361cbd3c442297f86bed2e5f7576c1b54cc0a6bf8ef5106cc62f496af35010
  languageName: node
  linkType: hard

"esbuild@npm:0.19.11":
  version: 0.19.11
  resolution: "esbuild@npm:0.19.11"
  dependencies:
    "@esbuild/aix-ppc64": "npm:0.19.11"
    "@esbuild/android-arm": "npm:0.19.11"
    "@esbuild/android-arm64": "npm:0.19.11"
    "@esbuild/android-x64": "npm:0.19.11"
    "@esbuild/darwin-arm64": "npm:0.19.11"
    "@esbuild/darwin-x64": "npm:0.19.11"
    "@esbuild/freebsd-arm64": "npm:0.19.11"
    "@esbuild/freebsd-x64": "npm:0.19.11"
    "@esbuild/linux-arm": "npm:0.19.11"
    "@esbuild/linux-arm64": "npm:0.19.11"
    "@esbuild/linux-ia32": "npm:0.19.11"
    "@esbuild/linux-loong64": "npm:0.19.11"
    "@esbuild/linux-mips64el": "npm:0.19.11"
    "@esbuild/linux-ppc64": "npm:0.19.11"
    "@esbuild/linux-riscv64": "npm:0.19.11"
    "@esbuild/linux-s390x": "npm:0.19.11"
    "@esbuild/linux-x64": "npm:0.19.11"
    "@esbuild/netbsd-x64": "npm:0.19.11"
    "@esbuild/openbsd-x64": "npm:0.19.11"
    "@esbuild/sunos-x64": "npm:0.19.11"
    "@esbuild/win32-arm64": "npm:0.19.11"
    "@esbuild/win32-ia32": "npm:0.19.11"
    "@esbuild/win32-x64": "npm:0.19.11"
  dependenciesMeta:
    "@esbuild/aix-ppc64":
      optional: true
    "@esbuild/android-arm":
      optional: true
    "@esbuild/android-arm64":
      optional: true
    "@esbuild/android-x64":
      optional: true
    "@esbuild/darwin-arm64":
      optional: true
    "@esbuild/darwin-x64":
      optional: true
    "@esbuild/freebsd-arm64":
      optional: true
    "@esbuild/freebsd-x64":
      optional: true
    "@esbuild/linux-arm":
      optional: true
    "@esbuild/linux-arm64":
      optional: true
    "@esbuild/linux-ia32":
      optional: true
    "@esbuild/linux-loong64":
      optional: true
    "@esbuild/linux-mips64el":
      optional: true
    "@esbuild/linux-ppc64":
      optional: true
    "@esbuild/linux-riscv64":
      optional: true
    "@esbuild/linux-s390x":
      optional: true
    "@esbuild/linux-x64":
      optional: true
    "@esbuild/netbsd-x64":
      optional: true
    "@esbuild/openbsd-x64":
      optional: true
    "@esbuild/sunos-x64":
      optional: true
    "@esbuild/win32-arm64":
      optional: true
    "@esbuild/win32-ia32":
      optional: true
    "@esbuild/win32-x64":
      optional: true
  bin:
    esbuild: bin/esbuild
  checksum: 0fd913124089e26d30ec30f73b94d4ef9607935251df3253f869106980a5d4c78aa517738c8746abe6e933262e91a77d31427ce468ed8fc7fe498a20f7f92fbc
  languageName: node
  linkType: hard

"escalade@npm:^3.1.1":
  version: 3.1.1
  resolution: "escalade@npm:3.1.1"
  checksum: afd02e6ca91ffa813e1108b5e7756566173d6bc0d1eb951cb44d6b21702ec17c1cf116cfe75d4a2b02e05acb0b808a7a9387d0d1ca5cf9c04ad03a8445c3e46d
  languageName: node
  linkType: hard

"example@workspace:.":
  version: 0.0.0-use.local
  resolution: "example@workspace:."
  dependencies:
    "@ocsigen/ts2ocaml": "npm:1.4.6"
    esbuild: "npm:0.19.11"
    pretty-bytes: "npm:5.6.0"
  languageName: unknown
  linkType: soft

"get-caller-file@npm:^2.0.5":
  version: 2.0.5
  resolution: "get-caller-file@npm:2.0.5"
  checksum: c6c7b60271931fa752aeb92f2b47e355eac1af3a2673f47c9589e8f8a41adc74d45551c1bc57b5e66a80609f10ffb72b6f575e4370d61cc3f7f3aaff01757cde
  languageName: node
  linkType: hard

"is-fullwidth-code-point@npm:^3.0.0":
  version: 3.0.0
  resolution: "is-fullwidth-code-point@npm:3.0.0"
  checksum: bb11d825e049f38e04c06373a8d72782eee0205bda9d908cc550ccb3c59b99d750ff9537982e01733c1c94a58e35400661f57042158ff5e8f3e90cf936daf0fc
  languageName: node
  linkType: hard

"pretty-bytes@npm:5.6.0":
  version: 5.6.0
  resolution: "pretty-bytes@npm:5.6.0"
  checksum: f69f494dcc1adda98dbe0e4a36d301e8be8ff99bfde7a637b2ee2820e7cb583b0fc0f3a63b0e3752c01501185a5cf38602c7be60da41bdf84ef5b70e89c370f3
  languageName: node
  linkType: hard

"require-directory@npm:^2.1.1":
  version: 2.1.1
  resolution: "require-directory@npm:2.1.1"
  checksum: 83aa76a7bc1531f68d92c75a2ca2f54f1b01463cb566cf3fbc787d0de8be30c9dbc211d1d46be3497dac5785fe296f2dd11d531945ac29730643357978966e99
  languageName: node
  linkType: hard

"string-width@npm:^4.1.0, string-width@npm:^4.2.0, string-width@npm:^4.2.3":
  version: 4.2.3
  resolution: "string-width@npm:4.2.3"
  dependencies:
    emoji-regex: "npm:^8.0.0"
    is-fullwidth-code-point: "npm:^3.0.0"
    strip-ansi: "npm:^6.0.1"
  checksum: 1e525e92e5eae0afd7454086eed9c818ee84374bb80328fc41217ae72ff5f065ef1c9d7f72da41de40c75fa8bb3dee63d92373fd492c84260a552c636392a47b
  languageName: node
  linkType: hard

"strip-ansi@npm:^6.0.0, strip-ansi@npm:^6.0.1":
  version: 6.0.1
  resolution: "strip-ansi@npm:6.0.1"
  dependencies:
    ansi-regex: "npm:^5.0.1"
  checksum: 1ae5f212a126fe5b167707f716942490e3933085a5ff6c008ab97ab2f272c8025d3aa218b7bd6ab25729ca20cc81cddb252102f8751e13482a5199e873680952
  languageName: node
  linkType: hard

"typescript@npm:4.6.4":
  version: 4.6.4
  resolution: "typescript@npm:4.6.4"
  bin:
    tsc: bin/tsc
    tsserver: bin/tsserver
  checksum: 92e2c0328485a4f7bd7435f5b105f03addff32f867e241dc3be8c372ed801a138c732d9a55697696d2f82a80dd6ad4bddff1ad6b0d1884bf4a24b92e71094c44
  languageName: node
  linkType: hard

"typescript@patch:typescript@npm%3A4.6.4#optional!builtin<compat/typescript>":
  version: 4.6.4
  resolution: "typescript@patch:typescript@npm%3A4.6.4#optional!builtin<compat/typescript>::version=4.6.4&hash=5d3a66"
  bin:
    tsc: bin/tsc
    tsserver: bin/tsserver
  checksum: 0e3fa814d454942a689daf4c00f82328d323e7ecd4077e3265d45375e64642611631f4c882a71be87774468ba03793e9b8ff4bccfac3018194a9e36d8f72c251
  languageName: node
  linkType: hard

"wrap-ansi@npm:^7.0.0":
  version: 7.0.0
  resolution: "wrap-ansi@npm:7.0.0"
  dependencies:
    ansi-styles: "npm:^4.0.0"
    string-width: "npm:^4.1.0"
    strip-ansi: "npm:^6.0.0"
  checksum: d15fc12c11e4cbc4044a552129ebc75ee3f57aa9c1958373a4db0292d72282f54373b536103987a4a7594db1ef6a4f10acf92978f79b98c49306a4b58c77d4da
  languageName: node
  linkType: hard

"y18n@npm:^5.0.5":
  version: 5.0.8
  resolution: "y18n@npm:5.0.8"
  checksum: 4df2842c36e468590c3691c894bc9cdbac41f520566e76e24f59401ba7d8b4811eb1e34524d57e54bc6d864bcb66baab7ffd9ca42bf1eda596618f9162b91249
  languageName: node
  linkType: hard

"yargs-parser@npm:^21.1.1":
  version: 21.1.1
  resolution: "yargs-parser@npm:21.1.1"
  checksum: f84b5e48169479d2f402239c59f084cfd1c3acc197a05c59b98bab067452e6b3ea46d4dd8ba2985ba7b3d32a343d77df0debd6b343e5dae3da2aab2cdf5886b2
  languageName: node
  linkType: hard

"yargs@npm:17.7.1":
  version: 17.7.1
  resolution: "yargs@npm:17.7.1"
  dependencies:
    cliui: "npm:^8.0.1"
    escalade: "npm:^3.1.1"
    get-caller-file: "npm:^2.0.5"
    require-directory: "npm:^2.1.1"
    string-width: "npm:^4.2.3"
    y18n: "npm:^5.0.5"
    yargs-parser: "npm:^21.1.1"
  checksum: 0ed3b7694d94da777f3591f1d786d947ed2e59b897da0a0c30e541109ae087979ac26b4ec39557f5e9c4592f19806447963fb132049b9806a1d416bcdd24d2b4
  languageName: node
  linkType: hard
